
Microsoft Visual Studio Solution File, Format Version 12.00
# Visual Studio Version 17
VisualStudioVersion = 17.2.32616.157
MinimumVisualStudioVersion = 10.0.40219.1
Project("{FAE04EC0-301F-11D3-BF4B-00C04F79EFBC}") = "MoreExeptions", "MoreExeptions\MoreExeptions.csproj", "{9EAF603B-77F0-4AA4-9F4A-2E7412DB0A1A}"
EndProject
Global
	GlobalSection(SolutionConfigurationPlatforms) = preSolution
		Debug|Any CPU = Debug|Any CPU
		Release|Any CPU = Release|Any CPU
	EndGlobalSection
	GlobalSection(ProjectConfigurationPlatforms) = postSolution
		{9EAF603B-77F0-4AA4-9F4A-2E7412DB0A1A}.Debug|Any CPU.ActiveCfg = Debug|Any CPU
		{9EAF603B-77F0-4AA4-9F4A-2E7412DB0A1A}.Debug|Any CPU.Build.0 = Debug|Any CPU
		{9EAF603B-77F0-4AA4-9F4A-2E7412DB0A1A}.Release|Any CPU.ActiveCfg = Release|Any CPU
		{9EAF603B-77F0-4AA4-9F4A-2E7412DB0A1A}.Release|Any CPU.Build.0 = Release|Any CPU
	EndGlobalSection
	GlobalSection(SolutionProperties) = preSolution
		HideSolutionNode = FALSE
	EndGlobalSection
	GlobalSection(ExtensibilityGlobals) = postSolution
		SolutionGuid = {49A6C31F-0EA9-45FC-A830-E8FCC7A14CDE}
	EndGlobalSection
EndGlobal
