
Microsoft Visual Studio Solution File, Format Version 12.00
# Visual Studio Version 17
VisualStudioVersion = 17.2.32616.157
MinimumVisualStudioVersion = 10.0.40219.1
Project("{FAE04EC0-301F-11D3-BF4B-00C04F79EFBC}") = "QueuesAndStacks", "QueuesAndStacks\QueuesAndStacks.csproj", "{3A46BC00-476D-4AFE-BCE3-4CBB97577202}"
EndProject
Global
	GlobalSection(SolutionConfigurationPlatforms) = preSolution
		Debug|Any CPU = Debug|Any CPU
		Release|Any CPU = Release|Any CPU
	EndGlobalSection
	GlobalSection(ProjectConfigurationPlatforms) = postSolution
		{3A46BC00-476D-4AFE-BCE3-4CBB97577202}.Debug|Any CPU.ActiveCfg = Debug|Any CPU
		{3A46BC00-476D-4AFE-BCE3-4CBB97577202}.Debug|Any CPU.Build.0 = Debug|Any CPU
		{3A46BC00-476D-4AFE-BCE3-4CBB97577202}.Release|Any CPU.ActiveCfg = Release|Any CPU
		{3A46BC00-476D-4AFE-BCE3-4CBB97577202}.Release|Any CPU.Build.0 = Release|Any CPU
	EndGlobalSection
	GlobalSection(SolutionProperties) = preSolution
		HideSolutionNode = FALSE
	EndGlobalSection
	GlobalSection(ExtensibilityGlobals) = postSolution
		SolutionGuid = {151A9E27-0993-4A17-B9F5-4307B614A360}
	EndGlobalSection
EndGlobal
