
Microsoft Visual Studio Solution File, Format Version 12.00
# Visual Studio Version 17
VisualStudioVersion = 17.2.32616.157
MinimumVisualStudioVersion = 10.0.40219.1
Project("{FAE04EC0-301F-11D3-BF4B-00C04F79EFBC}") = "PrimeHoldingInternshipExercise", "PrimeHoldingInternshipExercise\PrimeHoldingInternshipExercise.csproj", "{0EEE1893-142A-4062-88FD-93DAAA52AC8F}"
EndProject
Global
	GlobalSection(SolutionConfigurationPlatforms) = preSolution
		Debug|Any CPU = Debug|Any CPU
		Release|Any CPU = Release|Any CPU
	EndGlobalSection
	GlobalSection(ProjectConfigurationPlatforms) = postSolution
		{0EEE1893-142A-4062-88FD-93DAAA52AC8F}.Debug|Any CPU.ActiveCfg = Debug|Any CPU
		{0EEE1893-142A-4062-88FD-93DAAA52AC8F}.Debug|Any CPU.Build.0 = Debug|Any CPU
		{0EEE1893-142A-4062-88FD-93DAAA52AC8F}.Release|Any CPU.ActiveCfg = Release|Any CPU
		{0EEE1893-142A-4062-88FD-93DAAA52AC8F}.Release|Any CPU.Build.0 = Release|Any CPU
	EndGlobalSection
	GlobalSection(SolutionProperties) = preSolution
		HideSolutionNode = FALSE
	EndGlobalSection
	GlobalSection(ExtensibilityGlobals) = postSolution
		SolutionGuid = {C5BB45A6-36A8-4DE6-BC1E-C43D38915D8C}
	EndGlobalSection
EndGlobal
