
Microsoft Visual Studio Solution File, Format Version 12.00
# Visual Studio Version 17
VisualStudioVersion = 17.2.32616.157
MinimumVisualStudioVersion = 10.0.40219.1
Project("{FAE04EC0-301F-11D3-BF4B-00C04F79EFBC}") = "01.TwoSum", "01.TwoSum\01.TwoSum.csproj", "{EDEA59CA-E3D7-4B31-9763-B0FAF6C5006F}"
EndProject
Global
	GlobalSection(SolutionConfigurationPlatforms) = preSolution
		Debug|Any CPU = Debug|Any CPU
		Release|Any CPU = Release|Any CPU
	EndGlobalSection
	GlobalSection(ProjectConfigurationPlatforms) = postSolution
		{EDEA59CA-E3D7-4B31-9763-B0FAF6C5006F}.Debug|Any CPU.ActiveCfg = Debug|Any CPU
		{EDEA59CA-E3D7-4B31-9763-B0FAF6C5006F}.Debug|Any CPU.Build.0 = Debug|Any CPU
		{EDEA59CA-E3D7-4B31-9763-B0FAF6C5006F}.Release|Any CPU.ActiveCfg = Release|Any CPU
		{EDEA59CA-E3D7-4B31-9763-B0FAF6C5006F}.Release|Any CPU.Build.0 = Release|Any CPU
	EndGlobalSection
	GlobalSection(SolutionProperties) = preSolution
		HideSolutionNode = FALSE
	EndGlobalSection
	GlobalSection(ExtensibilityGlobals) = postSolution
		SolutionGuid = {C01AF913-9C2B-47B0-803C-58AD6B3C0F16}
	EndGlobalSection
EndGlobal
