
Microsoft Visual Studio Solution File, Format Version 12.00
# Visual Studio Version 17
VisualStudioVersion = 17.2.32616.157
MinimumVisualStudioVersion = 10.0.40219.1
Project("{FAE04EC0-301F-11D3-BF4B-00C04F79EFBC}") = "ChatForumApp", "ChatForumApp\ChatForumApp.csproj", "{BD3874B1-0DEC-4086-96BC-ACB98229F023}"
EndProject
Global
	GlobalSection(SolutionConfigurationPlatforms) = preSolution
		Debug|Any CPU = Debug|Any CPU
		Release|Any CPU = Release|Any CPU
	EndGlobalSection
	GlobalSection(ProjectConfigurationPlatforms) = postSolution
		{BD3874B1-0DEC-4086-96BC-ACB98229F023}.Debug|Any CPU.ActiveCfg = Debug|Any CPU
		{BD3874B1-0DEC-4086-96BC-ACB98229F023}.Debug|Any CPU.Build.0 = Debug|Any CPU
		{BD3874B1-0DEC-4086-96BC-ACB98229F023}.Release|Any CPU.ActiveCfg = Release|Any CPU
		{BD3874B1-0DEC-4086-96BC-ACB98229F023}.Release|Any CPU.Build.0 = Release|Any CPU
	EndGlobalSection
	GlobalSection(SolutionProperties) = preSolution
		HideSolutionNode = FALSE
	EndGlobalSection
	GlobalSection(ExtensibilityGlobals) = postSolution
		SolutionGuid = {99FA890B-A3C6-4BA2-86FF-2CD4E55FF7B0}
	EndGlobalSection
EndGlobal
