
Microsoft Visual Studio Solution File, Format Version 12.00
# Visual Studio Version 17
VisualStudioVersion = 17.2.32616.157
MinimumVisualStudioVersion = 10.0.40219.1
Project("{FAE04EC0-301F-11D3-BF4B-00C04F79EFBC}") = "Recursion_3", "Recursion_3\Recursion_3.csproj", "{204E1214-275A-4E5C-9BBE-0E8092924975}"
EndProject
Global
	GlobalSection(SolutionConfigurationPlatforms) = preSolution
		Debug|Any CPU = Debug|Any CPU
		Release|Any CPU = Release|Any CPU
	EndGlobalSection
	GlobalSection(ProjectConfigurationPlatforms) = postSolution
		{204E1214-275A-4E5C-9BBE-0E8092924975}.Debug|Any CPU.ActiveCfg = Debug|Any CPU
		{204E1214-275A-4E5C-9BBE-0E8092924975}.Debug|Any CPU.Build.0 = Debug|Any CPU
		{204E1214-275A-4E5C-9BBE-0E8092924975}.Release|Any CPU.ActiveCfg = Release|Any CPU
		{204E1214-275A-4E5C-9BBE-0E8092924975}.Release|Any CPU.Build.0 = Release|Any CPU
	EndGlobalSection
	GlobalSection(SolutionProperties) = preSolution
		HideSolutionNode = FALSE
	EndGlobalSection
	GlobalSection(ExtensibilityGlobals) = postSolution
		SolutionGuid = {A3788945-EEE2-49AA-9EA5-B4188875A064}
	EndGlobalSection
EndGlobal
