
Microsoft Visual Studio Solution File, Format Version 12.00
# Visual Studio Version 17
VisualStudioVersion = 17.2.32616.157
MinimumVisualStudioVersion = 10.0.40219.1
Project("{FAE04EC0-301F-11D3-BF4B-00C04F79EFBC}") = "ExceptionsStringToIntiger", "ExceptionsStringToIntiger\ExceptionsStringToIntiger.csproj", "{66AF4E3C-3D5B-4C44-B5D6-E7A865C96709}"
EndProject
Global
	GlobalSection(SolutionConfigurationPlatforms) = preSolution
		Debug|Any CPU = Debug|Any CPU
		Release|Any CPU = Release|Any CPU
	EndGlobalSection
	GlobalSection(ProjectConfigurationPlatforms) = postSolution
		{66AF4E3C-3D5B-4C44-B5D6-E7A865C96709}.Debug|Any CPU.ActiveCfg = Debug|Any CPU
		{66AF4E3C-3D5B-4C44-B5D6-E7A865C96709}.Debug|Any CPU.Build.0 = Debug|Any CPU
		{66AF4E3C-3D5B-4C44-B5D6-E7A865C96709}.Release|Any CPU.ActiveCfg = Release|Any CPU
		{66AF4E3C-3D5B-4C44-B5D6-E7A865C96709}.Release|Any CPU.Build.0 = Release|Any CPU
	EndGlobalSection
	GlobalSection(SolutionProperties) = preSolution
		HideSolutionNode = FALSE
	EndGlobalSection
	GlobalSection(ExtensibilityGlobals) = postSolution
		SolutionGuid = {B9FEF0AB-21A4-4C37-80BC-40DC90A5DEB9}
	EndGlobalSection
EndGlobal
